
Microsoft Visual Studio Solution File, Format Version 12.00
# Visual Studio 2013
VisualStudioVersion = 12.0.21005.1
MinimumVisualStudioVersion = 10.0.40219.1
Project("{2150E333-8FDC-42A3-9474-1A3956D46DE8}") = "01 Common", "01 Common", "{B0B4053E-5EA9-4F32-A98F-2A8AF7653DA5}"
EndProject
Project("{2150E333-8FDC-42A3-9474-1A3956D46DE8}") = "02 Entity", "02 Entity", "{87A6A888-1613-4407-9ED0-21F38EC3C53B}"
EndProject
Project("{2150E333-8FDC-42A3-9474-1A3956D46DE8}") = "03 Data", "03 Data", "{BC38C2F8-2F10-443F-9B5F-C9AC52ECC410}"
EndProject
Project("{2150E333-8FDC-42A3-9474-1A3956D46DE8}") = "04 Biz", "04 Biz", "{C7123CB4-FCE9-49FB-87C2-2377E9DD05CB}"
EndProject
Project("{2150E333-8FDC-42A3-9474-1A3956D46DE8}") = "05 UI", "05 UI", "{82C8FC4F-C3FB-4AB2-8106-D3454AA2CDA8}"
EndProject
Project("{FAE04EC0-301F-11D3-BF4B-00C04F79EFBC}") = "NCommon", "01 Common\NCommon\NCommon.csproj", "{8F5FC818-00C0-41E1-906B-61F30D796FC9}"
EndProject
Project("{2150E333-8FDC-42A3-9474-1A3956D46DE8}") = "06 UTest", "06 UTest", "{D1A29E6F-AF0F-4627-B30C-F09D83EEAA41}"
EndProject
Project("{FAE04EC0-301F-11D3-BF4B-00C04F79EFBC}") = "UI.CafeF", "05 UI\UI.CafeF\UI.CafeF.csproj", "{BD255BB7-322C-4800-9913-46399BA8BF6E}"
EndProject
Project("{FAE04EC0-301F-11D3-BF4B-00C04F79EFBC}") = "Biz.CafeF", "04 Biz\Biz.CafeF\Biz.CafeF.csproj", "{218D4436-F048-4302-B264-2C5F3B060A01}"
EndProject
Project("{FAE04EC0-301F-11D3-BF4B-00C04F79EFBC}") = "Data.CafeF", "03 Data\Data.CafeF\Data.CafeF.csproj", "{88DFFEB7-E8B5-40CE-BE84-66915419C01D}"
EndProject
Project("{FAE04EC0-301F-11D3-BF4B-00C04F79EFBC}") = "Dto.CafeF", "02 Entity\Dto.CafeF\Dto.CafeF.csproj", "{2E1C7706-9D39-49D3-89F0-14236AABBC1E}"
EndProject
Project("{FAE04EC0-301F-11D3-BF4B-00C04F79EFBC}") = "ConsoleApplication1", "ConsoleApplication1\ConsoleApplication1.csproj", "{E4F1F9D4-5FCD-4BF6-8A7C-CE90A8998119}"
EndProject
Global
	GlobalSection(SolutionConfigurationPlatforms) = preSolution
		Debug|Any CPU = Debug|Any CPU
		Release|Any CPU = Release|Any CPU
	EndGlobalSection
	GlobalSection(ProjectConfigurationPlatforms) = postSolution
		{8F5FC818-00C0-41E1-906B-61F30D796FC9}.Debug|Any CPU.ActiveCfg = Debug|Any CPU
		{8F5FC818-00C0-41E1-906B-61F30D796FC9}.Debug|Any CPU.Build.0 = Debug|Any CPU
		{8F5FC818-00C0-41E1-906B-61F30D796FC9}.Release|Any CPU.ActiveCfg = Release|Any CPU
		{8F5FC818-00C0-41E1-906B-61F30D796FC9}.Release|Any CPU.Build.0 = Release|Any CPU
		{BD255BB7-322C-4800-9913-46399BA8BF6E}.Debug|Any CPU.ActiveCfg = Debug|Any CPU
		{BD255BB7-322C-4800-9913-46399BA8BF6E}.Debug|Any CPU.Build.0 = Debug|Any CPU
		{BD255BB7-322C-4800-9913-46399BA8BF6E}.Release|Any CPU.ActiveCfg = Release|Any CPU
		{BD255BB7-322C-4800-9913-46399BA8BF6E}.Release|Any CPU.Build.0 = Release|Any CPU
		{218D4436-F048-4302-B264-2C5F3B060A01}.Debug|Any CPU.ActiveCfg = Debug|Any CPU
		{218D4436-F048-4302-B264-2C5F3B060A01}.Debug|Any CPU.Build.0 = Debug|Any CPU
		{218D4436-F048-4302-B264-2C5F3B060A01}.Release|Any CPU.ActiveCfg = Release|Any CPU
		{218D4436-F048-4302-B264-2C5F3B060A01}.Release|Any CPU.Build.0 = Release|Any CPU
		{88DFFEB7-E8B5-40CE-BE84-66915419C01D}.Debug|Any CPU.ActiveCfg = Debug|Any CPU
		{88DFFEB7-E8B5-40CE-BE84-66915419C01D}.Debug|Any CPU.Build.0 = Debug|Any CPU
		{88DFFEB7-E8B5-40CE-BE84-66915419C01D}.Release|Any CPU.ActiveCfg = Release|Any CPU
		{88DFFEB7-E8B5-40CE-BE84-66915419C01D}.Release|Any CPU.Build.0 = Release|Any CPU
		{2E1C7706-9D39-49D3-89F0-14236AABBC1E}.Debug|Any CPU.ActiveCfg = Debug|Any CPU
		{2E1C7706-9D39-49D3-89F0-14236AABBC1E}.Debug|Any CPU.Build.0 = Debug|Any CPU
		{2E1C7706-9D39-49D3-89F0-14236AABBC1E}.Release|Any CPU.ActiveCfg = Release|Any CPU
		{2E1C7706-9D39-49D3-89F0-14236AABBC1E}.Release|Any CPU.Build.0 = Release|Any CPU
		{E4F1F9D4-5FCD-4BF6-8A7C-CE90A8998119}.Debug|Any CPU.ActiveCfg = Debug|Any CPU
		{E4F1F9D4-5FCD-4BF6-8A7C-CE90A8998119}.Debug|Any CPU.Build.0 = Debug|Any CPU
		{E4F1F9D4-5FCD-4BF6-8A7C-CE90A8998119}.Release|Any CPU.ActiveCfg = Release|Any CPU
		{E4F1F9D4-5FCD-4BF6-8A7C-CE90A8998119}.Release|Any CPU.Build.0 = Release|Any CPU
	EndGlobalSection
	GlobalSection(SolutionProperties) = preSolution
		HideSolutionNode = FALSE
	EndGlobalSection
	GlobalSection(NestedProjects) = preSolution
		{8F5FC818-00C0-41E1-906B-61F30D796FC9} = {B0B4053E-5EA9-4F32-A98F-2A8AF7653DA5}
		{2E1C7706-9D39-49D3-89F0-14236AABBC1E} = {87A6A888-1613-4407-9ED0-21F38EC3C53B}
		{88DFFEB7-E8B5-40CE-BE84-66915419C01D} = {BC38C2F8-2F10-443F-9B5F-C9AC52ECC410}
		{218D4436-F048-4302-B264-2C5F3B060A01} = {C7123CB4-FCE9-49FB-87C2-2377E9DD05CB}
		{BD255BB7-322C-4800-9913-46399BA8BF6E} = {82C8FC4F-C3FB-4AB2-8106-D3454AA2CDA8}
		{E4F1F9D4-5FCD-4BF6-8A7C-CE90A8998119} = {D1A29E6F-AF0F-4627-B30C-F09D83EEAA41}
	EndGlobalSection
EndGlobal
