
Microsoft Visual Studio Solution File, Format Version 12.00
# Visual Studio 2013
VisualStudioVersion = 12.0.21005.1
MinimumVisualStudioVersion = 10.0.40219.1
Project("{FAE04EC0-301F-11D3-BF4B-00C04F79EFBC}") = "VfsLookup", "VfsLookup\VfsLookup.csproj", "{50BD54FA-B2FA-452F-AFFE-192F268D24E2}"
EndProject
Project("{FAE04EC0-301F-11D3-BF4B-00C04F79EFBC}") = "test", "test\test.csproj", "{1A2002F8-84F2-45E5-BD29-A6E63EB509CD}"
EndProject
Global
	GlobalSection(SolutionConfigurationPlatforms) = preSolution
		Debug|Any CPU = Debug|Any CPU
		Debug|Mixed Platforms = Debug|Mixed Platforms
		Debug|x86 = Debug|x86
		Release|Any CPU = Release|Any CPU
		Release|Mixed Platforms = Release|Mixed Platforms
		Release|x86 = Release|x86
	EndGlobalSection
	GlobalSection(ProjectConfigurationPlatforms) = postSolution
		{50BD54FA-B2FA-452F-AFFE-192F268D24E2}.Debug|Any CPU.ActiveCfg = Debug|Any CPU
		{50BD54FA-B2FA-452F-AFFE-192F268D24E2}.Debug|Any CPU.Build.0 = Debug|Any CPU
		{50BD54FA-B2FA-452F-AFFE-192F268D24E2}.Debug|Mixed Platforms.ActiveCfg = Debug|Any CPU
		{50BD54FA-B2FA-452F-AFFE-192F268D24E2}.Debug|Mixed Platforms.Build.0 = Debug|Any CPU
		{50BD54FA-B2FA-452F-AFFE-192F268D24E2}.Debug|x86.ActiveCfg = Debug|Any CPU
		{50BD54FA-B2FA-452F-AFFE-192F268D24E2}.Release|Any CPU.ActiveCfg = Release|Any CPU
		{50BD54FA-B2FA-452F-AFFE-192F268D24E2}.Release|Any CPU.Build.0 = Release|Any CPU
		{50BD54FA-B2FA-452F-AFFE-192F268D24E2}.Release|Mixed Platforms.ActiveCfg = Release|Any CPU
		{50BD54FA-B2FA-452F-AFFE-192F268D24E2}.Release|Mixed Platforms.Build.0 = Release|Any CPU
		{50BD54FA-B2FA-452F-AFFE-192F268D24E2}.Release|x86.ActiveCfg = Release|Any CPU
		{1A2002F8-84F2-45E5-BD29-A6E63EB509CD}.Debug|Any CPU.ActiveCfg = Debug|x86
		{1A2002F8-84F2-45E5-BD29-A6E63EB509CD}.Debug|Mixed Platforms.ActiveCfg = Debug|x86
		{1A2002F8-84F2-45E5-BD29-A6E63EB509CD}.Debug|Mixed Platforms.Build.0 = Debug|x86
		{1A2002F8-84F2-45E5-BD29-A6E63EB509CD}.Debug|x86.ActiveCfg = Debug|x86
		{1A2002F8-84F2-45E5-BD29-A6E63EB509CD}.Debug|x86.Build.0 = Debug|x86
		{1A2002F8-84F2-45E5-BD29-A6E63EB509CD}.Release|Any CPU.ActiveCfg = Release|x86
		{1A2002F8-84F2-45E5-BD29-A6E63EB509CD}.Release|Mixed Platforms.ActiveCfg = Release|x86
		{1A2002F8-84F2-45E5-BD29-A6E63EB509CD}.Release|Mixed Platforms.Build.0 = Release|x86
		{1A2002F8-84F2-45E5-BD29-A6E63EB509CD}.Release|x86.ActiveCfg = Release|x86
		{1A2002F8-84F2-45E5-BD29-A6E63EB509CD}.Release|x86.Build.0 = Release|x86
	EndGlobalSection
	GlobalSection(SolutionProperties) = preSolution
		HideSolutionNode = FALSE
	EndGlobalSection
EndGlobal
