
Microsoft Visual Studio Solution File, Format Version 12.00
# Visual Studio 2013
VisualStudioVersion = 12.0.30501.0
MinimumVisualStudioVersion = 10.0.40219.1
Project("{FAE04EC0-301F-11D3-BF4B-00C04F79EFBC}") = "MetaStockData", "ConsoleApplication3\MetaStockData.csproj", "{378BC690-7E37-41A2-A6C4-08F2E572EDA7}"
EndProject
Project("{FAE04EC0-301F-11D3-BF4B-00C04F79EFBC}") = "SLTBalancer", "SLTBalancer\SLTBalancer.csproj", "{86C20E25-EB67-4201-85C6-8C68E6157986}"
EndProject
Project("{FAE04EC0-301F-11D3-BF4B-00C04F79EFBC}") = "LazadaMapping", "ConsoleApplication1\LazadaMapping.csproj", "{9918A9BF-A813-4B35-99CF-6EC9CF300392}"
EndProject
Project("{FAE04EC0-301F-11D3-BF4B-00C04F79EFBC}") = "EnumDefine", "EnumDefine\EnumDefine.csproj", "{753D2C3E-26B5-477A-9F6A-C5C03F788664}"
EndProject
Project("{FAE04EC0-301F-11D3-BF4B-00C04F79EFBC}") = "RegexSample", "RegexSample\RegexSample.csproj", "{64DFB12D-B211-4697-82A5-FB892160CF59}"
EndProject
Project("{FAE04EC0-301F-11D3-BF4B-00C04F79EFBC}") = "CachingMemoryCacheSample", "WebApplication1\CachingMemoryCacheSample.csproj", "{A1A2AE92-4DC3-4C04-B924-CC141EEE46C6}"
EndProject
Project("{FAE04EC0-301F-11D3-BF4B-00C04F79EFBC}") = "SubmitToApi", "SubmitToApi\SubmitToApi.csproj", "{176C5532-7B32-4865-B6CD-16F3D9390F62}"
EndProject
Project("{FAE04EC0-301F-11D3-BF4B-00C04F79EFBC}") = "IdentiySample", "IdentiySample\IdentiySample.csproj", "{3D5E0335-55C0-4564-83CD-8BAF2CCC31ED}"
EndProject
Project("{FAE04EC0-301F-11D3-BF4B-00C04F79EFBC}") = "YieldIEnum", "YieldIEnum\YieldIEnum.csproj", "{32B61DC3-9C15-417B-917A-A0B1685F8DB9}"
EndProject
Project("{FAE04EC0-301F-11D3-BF4B-00C04F79EFBC}") = "MappingV2", "MappingV2\MappingV2.csproj", "{CCCD1A3E-2F6B-478F-AEE7-CDE4187A9602}"
EndProject
Project("{FAE04EC0-301F-11D3-BF4B-00C04F79EFBC}") = "GetCookie", "GetCookie\GetCookie.csproj", "{538786D1-C77B-47D3-BDCC-B884B12B48CF}"
EndProject
Project("{FAE04EC0-301F-11D3-BF4B-00C04F79EFBC}") = "CodeTest", "CodeTest\CodeTest.csproj", "{923E3BB7-EC02-4F17-BDB0-E7206BCE560C}"
EndProject
Project("{F184B08F-C81C-45F6-A57F-5ABD9991F28F}") = "VBTESTCHAR", "VBTESTCHAR\VBTESTCHAR.vbproj", "{27B1C514-0301-47E9-AE6D-6021BD77D064}"
EndProject
Project("{FAE04EC0-301F-11D3-BF4B-00C04F79EFBC}") = "CompressingHeaderApi", "CompressingHeaderApi\CompressingHeaderApi.csproj", "{E63F8F4F-F080-47CC-95EC-9E781435E781}"
EndProject
Project("{FAE04EC0-301F-11D3-BF4B-00C04F79EFBC}") = "WindowsAutoClockIn", "WindowsAutoClockIn\WindowsAutoClockIn.csproj", "{0E685734-7777-4877-8960-32464EA1946A}"
EndProject
Project("{FAE04EC0-301F-11D3-BF4B-00C04F79EFBC}") = "AnhCop.AutoLib", "AnhCop.AutoLib\AnhCop.AutoLib.csproj", "{29E1BE67-9435-4E7A-838C-19E4469CF2C9}"
EndProject
Project("{FAE04EC0-301F-11D3-BF4B-00C04F79EFBC}") = "ClockInApp", "ClockInApp\ClockInApp.csproj", "{B1B3E171-3123-44A1-AA2D-2EA42985F0F7}"
EndProject
Project("{2150E333-8FDC-42A3-9474-1A3956D46DE8}") = "ROBOTNEWS", "ROBOTNEWS", "{9C8BE898-31DD-4DD2-B503-6AAB4D4F4BC2}"
EndProject
Project("{2150E333-8FDC-42A3-9474-1A3956D46DE8}") = "03 Data", "03 Data", "{10830BF1-DBFB-4F06-99D0-6711293A58C3}"
EndProject
Project("{2150E333-8FDC-42A3-9474-1A3956D46DE8}") = "04 Biz", "04 Biz", "{9AD8C672-2780-482E-89EC-A2F02143A10A}"
EndProject
Project("{2150E333-8FDC-42A3-9474-1A3956D46DE8}") = "05 UI", "05 UI", "{95A95005-FABA-4318-A0D1-8583DEFAC970}"
EndProject
Project("{2150E333-8FDC-42A3-9474-1A3956D46DE8}") = "02 Entity", "02 Entity", "{9ED8D49B-7899-49EF-9798-013FB087F90E}"
EndProject
Project("{2150E333-8FDC-42A3-9474-1A3956D46DE8}") = "01 Common", "01 Common", "{1E1144F0-EB61-4B7C-8F3D-6B2F9F0267EC}"
EndProject
Project("{FAE04EC0-301F-11D3-BF4B-00C04F79EFBC}") = "CafeF", "ROBOTNEWS\03 Data\CafeF\CafeF.csproj", "{254760E6-B44B-4EF7-B8FB-3D5651C3A0FD}"
EndProject
Project("{FAE04EC0-301F-11D3-BF4B-00C04F79EFBC}") = "TinNhanhCK", "ROBOTNEWS\03 Data\TinNhanhCK\TinNhanhCK.csproj", "{DFFF47E2-08D0-4B56-928A-83D909D7A7BB}"
EndProject
Project("{FAE04EC0-301F-11D3-BF4B-00C04F79EFBC}") = "RoBotCommon", "WebCommon\RoBotCommon.csproj", "{B6A7AB2C-2A34-4213-A3D1-6FC119A82724}"
EndProject
Global
	GlobalSection(SolutionConfigurationPlatforms) = preSolution
		Debug|Any CPU = Debug|Any CPU
		Release|Any CPU = Release|Any CPU
	EndGlobalSection
	GlobalSection(ProjectConfigurationPlatforms) = postSolution
		{378BC690-7E37-41A2-A6C4-08F2E572EDA7}.Debug|Any CPU.ActiveCfg = Debug|Any CPU
		{378BC690-7E37-41A2-A6C4-08F2E572EDA7}.Debug|Any CPU.Build.0 = Debug|Any CPU
		{378BC690-7E37-41A2-A6C4-08F2E572EDA7}.Release|Any CPU.ActiveCfg = Release|Any CPU
		{378BC690-7E37-41A2-A6C4-08F2E572EDA7}.Release|Any CPU.Build.0 = Release|Any CPU
		{86C20E25-EB67-4201-85C6-8C68E6157986}.Debug|Any CPU.ActiveCfg = Debug|Any CPU
		{86C20E25-EB67-4201-85C6-8C68E6157986}.Debug|Any CPU.Build.0 = Debug|Any CPU
		{86C20E25-EB67-4201-85C6-8C68E6157986}.Release|Any CPU.ActiveCfg = Release|Any CPU
		{86C20E25-EB67-4201-85C6-8C68E6157986}.Release|Any CPU.Build.0 = Release|Any CPU
		{9918A9BF-A813-4B35-99CF-6EC9CF300392}.Debug|Any CPU.ActiveCfg = Debug|Any CPU
		{9918A9BF-A813-4B35-99CF-6EC9CF300392}.Debug|Any CPU.Build.0 = Debug|Any CPU
		{9918A9BF-A813-4B35-99CF-6EC9CF300392}.Release|Any CPU.ActiveCfg = Release|Any CPU
		{9918A9BF-A813-4B35-99CF-6EC9CF300392}.Release|Any CPU.Build.0 = Release|Any CPU
		{753D2C3E-26B5-477A-9F6A-C5C03F788664}.Debug|Any CPU.ActiveCfg = Debug|Any CPU
		{753D2C3E-26B5-477A-9F6A-C5C03F788664}.Debug|Any CPU.Build.0 = Debug|Any CPU
		{753D2C3E-26B5-477A-9F6A-C5C03F788664}.Release|Any CPU.ActiveCfg = Release|Any CPU
		{753D2C3E-26B5-477A-9F6A-C5C03F788664}.Release|Any CPU.Build.0 = Release|Any CPU
		{64DFB12D-B211-4697-82A5-FB892160CF59}.Debug|Any CPU.ActiveCfg = Debug|Any CPU
		{64DFB12D-B211-4697-82A5-FB892160CF59}.Debug|Any CPU.Build.0 = Debug|Any CPU
		{64DFB12D-B211-4697-82A5-FB892160CF59}.Release|Any CPU.ActiveCfg = Release|Any CPU
		{64DFB12D-B211-4697-82A5-FB892160CF59}.Release|Any CPU.Build.0 = Release|Any CPU
		{A1A2AE92-4DC3-4C04-B924-CC141EEE46C6}.Debug|Any CPU.ActiveCfg = Debug|Any CPU
		{A1A2AE92-4DC3-4C04-B924-CC141EEE46C6}.Debug|Any CPU.Build.0 = Debug|Any CPU
		{A1A2AE92-4DC3-4C04-B924-CC141EEE46C6}.Release|Any CPU.ActiveCfg = Release|Any CPU
		{A1A2AE92-4DC3-4C04-B924-CC141EEE46C6}.Release|Any CPU.Build.0 = Release|Any CPU
		{176C5532-7B32-4865-B6CD-16F3D9390F62}.Debug|Any CPU.ActiveCfg = Debug|Any CPU
		{176C5532-7B32-4865-B6CD-16F3D9390F62}.Debug|Any CPU.Build.0 = Debug|Any CPU
		{176C5532-7B32-4865-B6CD-16F3D9390F62}.Release|Any CPU.ActiveCfg = Release|Any CPU
		{176C5532-7B32-4865-B6CD-16F3D9390F62}.Release|Any CPU.Build.0 = Release|Any CPU
		{3D5E0335-55C0-4564-83CD-8BAF2CCC31ED}.Debug|Any CPU.ActiveCfg = Debug|Any CPU
		{3D5E0335-55C0-4564-83CD-8BAF2CCC31ED}.Debug|Any CPU.Build.0 = Debug|Any CPU
		{3D5E0335-55C0-4564-83CD-8BAF2CCC31ED}.Release|Any CPU.ActiveCfg = Release|Any CPU
		{3D5E0335-55C0-4564-83CD-8BAF2CCC31ED}.Release|Any CPU.Build.0 = Release|Any CPU
		{32B61DC3-9C15-417B-917A-A0B1685F8DB9}.Debug|Any CPU.ActiveCfg = Debug|Any CPU
		{32B61DC3-9C15-417B-917A-A0B1685F8DB9}.Debug|Any CPU.Build.0 = Debug|Any CPU
		{32B61DC3-9C15-417B-917A-A0B1685F8DB9}.Release|Any CPU.ActiveCfg = Release|Any CPU
		{32B61DC3-9C15-417B-917A-A0B1685F8DB9}.Release|Any CPU.Build.0 = Release|Any CPU
		{CCCD1A3E-2F6B-478F-AEE7-CDE4187A9602}.Debug|Any CPU.ActiveCfg = Debug|Any CPU
		{CCCD1A3E-2F6B-478F-AEE7-CDE4187A9602}.Debug|Any CPU.Build.0 = Debug|Any CPU
		{CCCD1A3E-2F6B-478F-AEE7-CDE4187A9602}.Release|Any CPU.ActiveCfg = Release|Any CPU
		{CCCD1A3E-2F6B-478F-AEE7-CDE4187A9602}.Release|Any CPU.Build.0 = Release|Any CPU
		{538786D1-C77B-47D3-BDCC-B884B12B48CF}.Debug|Any CPU.ActiveCfg = Debug|Any CPU
		{538786D1-C77B-47D3-BDCC-B884B12B48CF}.Debug|Any CPU.Build.0 = Debug|Any CPU
		{538786D1-C77B-47D3-BDCC-B884B12B48CF}.Release|Any CPU.ActiveCfg = Release|Any CPU
		{538786D1-C77B-47D3-BDCC-B884B12B48CF}.Release|Any CPU.Build.0 = Release|Any CPU
		{923E3BB7-EC02-4F17-BDB0-E7206BCE560C}.Debug|Any CPU.ActiveCfg = Debug|Any CPU
		{923E3BB7-EC02-4F17-BDB0-E7206BCE560C}.Debug|Any CPU.Build.0 = Debug|Any CPU
		{923E3BB7-EC02-4F17-BDB0-E7206BCE560C}.Release|Any CPU.ActiveCfg = Release|Any CPU
		{923E3BB7-EC02-4F17-BDB0-E7206BCE560C}.Release|Any CPU.Build.0 = Release|Any CPU
		{27B1C514-0301-47E9-AE6D-6021BD77D064}.Debug|Any CPU.ActiveCfg = Debug|Any CPU
		{27B1C514-0301-47E9-AE6D-6021BD77D064}.Debug|Any CPU.Build.0 = Debug|Any CPU
		{27B1C514-0301-47E9-AE6D-6021BD77D064}.Release|Any CPU.ActiveCfg = Release|Any CPU
		{27B1C514-0301-47E9-AE6D-6021BD77D064}.Release|Any CPU.Build.0 = Release|Any CPU
		{E63F8F4F-F080-47CC-95EC-9E781435E781}.Debug|Any CPU.ActiveCfg = Debug|Any CPU
		{E63F8F4F-F080-47CC-95EC-9E781435E781}.Debug|Any CPU.Build.0 = Debug|Any CPU
		{E63F8F4F-F080-47CC-95EC-9E781435E781}.Release|Any CPU.ActiveCfg = Release|Any CPU
		{E63F8F4F-F080-47CC-95EC-9E781435E781}.Release|Any CPU.Build.0 = Release|Any CPU
		{0E685734-7777-4877-8960-32464EA1946A}.Debug|Any CPU.ActiveCfg = Debug|Any CPU
		{0E685734-7777-4877-8960-32464EA1946A}.Debug|Any CPU.Build.0 = Debug|Any CPU
		{0E685734-7777-4877-8960-32464EA1946A}.Release|Any CPU.ActiveCfg = Release|Any CPU
		{0E685734-7777-4877-8960-32464EA1946A}.Release|Any CPU.Build.0 = Release|Any CPU
		{29E1BE67-9435-4E7A-838C-19E4469CF2C9}.Debug|Any CPU.ActiveCfg = Debug|Any CPU
		{29E1BE67-9435-4E7A-838C-19E4469CF2C9}.Debug|Any CPU.Build.0 = Debug|Any CPU
		{29E1BE67-9435-4E7A-838C-19E4469CF2C9}.Release|Any CPU.ActiveCfg = Release|Any CPU
		{29E1BE67-9435-4E7A-838C-19E4469CF2C9}.Release|Any CPU.Build.0 = Release|Any CPU
		{B1B3E171-3123-44A1-AA2D-2EA42985F0F7}.Debug|Any CPU.ActiveCfg = Debug|Any CPU
		{B1B3E171-3123-44A1-AA2D-2EA42985F0F7}.Debug|Any CPU.Build.0 = Debug|Any CPU
		{B1B3E171-3123-44A1-AA2D-2EA42985F0F7}.Release|Any CPU.ActiveCfg = Release|Any CPU
		{B1B3E171-3123-44A1-AA2D-2EA42985F0F7}.Release|Any CPU.Build.0 = Release|Any CPU
		{254760E6-B44B-4EF7-B8FB-3D5651C3A0FD}.Debug|Any CPU.ActiveCfg = Debug|Any CPU
		{254760E6-B44B-4EF7-B8FB-3D5651C3A0FD}.Debug|Any CPU.Build.0 = Debug|Any CPU
		{254760E6-B44B-4EF7-B8FB-3D5651C3A0FD}.Release|Any CPU.ActiveCfg = Release|Any CPU
		{254760E6-B44B-4EF7-B8FB-3D5651C3A0FD}.Release|Any CPU.Build.0 = Release|Any CPU
		{DFFF47E2-08D0-4B56-928A-83D909D7A7BB}.Debug|Any CPU.ActiveCfg = Debug|Any CPU
		{DFFF47E2-08D0-4B56-928A-83D909D7A7BB}.Debug|Any CPU.Build.0 = Debug|Any CPU
		{DFFF47E2-08D0-4B56-928A-83D909D7A7BB}.Release|Any CPU.ActiveCfg = Release|Any CPU
		{DFFF47E2-08D0-4B56-928A-83D909D7A7BB}.Release|Any CPU.Build.0 = Release|Any CPU
		{B6A7AB2C-2A34-4213-A3D1-6FC119A82724}.Debug|Any CPU.ActiveCfg = Debug|Any CPU
		{B6A7AB2C-2A34-4213-A3D1-6FC119A82724}.Debug|Any CPU.Build.0 = Debug|Any CPU
		{B6A7AB2C-2A34-4213-A3D1-6FC119A82724}.Release|Any CPU.ActiveCfg = Release|Any CPU
		{B6A7AB2C-2A34-4213-A3D1-6FC119A82724}.Release|Any CPU.Build.0 = Release|Any CPU
	EndGlobalSection
	GlobalSection(SolutionProperties) = preSolution
		HideSolutionNode = FALSE
	EndGlobalSection
	GlobalSection(NestedProjects) = preSolution
		{10830BF1-DBFB-4F06-99D0-6711293A58C3} = {9C8BE898-31DD-4DD2-B503-6AAB4D4F4BC2}
		{9AD8C672-2780-482E-89EC-A2F02143A10A} = {9C8BE898-31DD-4DD2-B503-6AAB4D4F4BC2}
		{95A95005-FABA-4318-A0D1-8583DEFAC970} = {9C8BE898-31DD-4DD2-B503-6AAB4D4F4BC2}
		{9ED8D49B-7899-49EF-9798-013FB087F90E} = {9C8BE898-31DD-4DD2-B503-6AAB4D4F4BC2}
		{1E1144F0-EB61-4B7C-8F3D-6B2F9F0267EC} = {9C8BE898-31DD-4DD2-B503-6AAB4D4F4BC2}
		{254760E6-B44B-4EF7-B8FB-3D5651C3A0FD} = {10830BF1-DBFB-4F06-99D0-6711293A58C3}
		{DFFF47E2-08D0-4B56-928A-83D909D7A7BB} = {10830BF1-DBFB-4F06-99D0-6711293A58C3}
		{B6A7AB2C-2A34-4213-A3D1-6FC119A82724} = {1E1144F0-EB61-4B7C-8F3D-6B2F9F0267EC}
	EndGlobalSection
EndGlobal
