
Microsoft Visual Studio Solution File, Format Version 11.00
# Visual Studio 2010
Project("{2150E333-8FDC-42A3-9474-1A3956D46DE8}") = "Source", "Source", "{A44871ED-AB4B-4C43-BB47-B7684068B9C7}"
EndProject
Project("{2150E333-8FDC-42A3-9474-1A3956D46DE8}") = "Destination", "Destination", "{C0711C0D-DA1B-4A58-9365-25431BBE89E1}"
EndProject
Project("{2150E333-8FDC-42A3-9474-1A3956D46DE8}") = "Databases", "Databases", "{7CD02858-D93D-4CAD-B526-65B503AF5E33}"
EndProject
Project("{2150E333-8FDC-42A3-9474-1A3956D46DE8}") = "Services", "Services", "{B0985B34-A2E2-4990-B31E-A8ABFA03ABF8}"
EndProject
Project("{2150E333-8FDC-42A3-9474-1A3956D46DE8}") = "CustomerServices", "CustomerServices", "{24D9BC03-DD94-416F-B4F7-99C15EA778B6}"
EndProject
Project("{2150E333-8FDC-42A3-9474-1A3956D46DE8}") = "CoreSecurityService", "CoreSecurityService", "{615AD89B-A121-4E49-8D83-4622CDE6E291}"
EndProject
Project("{FAE04EC0-301F-11D3-BF4B-00C04F79EFBC}") = "Entities", "..\Entities\Entities.csproj", "{B45ADE78-E72B-48B8-A3C7-AEC262CF6E8B}"
EndProject
Project("{FAE04EC0-301F-11D3-BF4B-00C04F79EFBC}") = "Data", "..\Data\Data.csproj", "{6768FC4D-6E59-467F-B72A-60194E449154}"
EndProject
Project("{FAE04EC0-301F-11D3-BF4B-00C04F79EFBC}") = "Business", "..\Business\Business.csproj", "{782C8439-3D6A-441F-8DB3-360AF5844A48}"
EndProject
Project("{C8D11400-126E-41CD-887F-60BD40844F9E}") = "Database", "..\Database\Database.dbproj", "{67CBC824-A49E-4E9B-A947-360F3DFE65C3}"
EndProject
Project("{FAE04EC0-301F-11D3-BF4B-00C04F79EFBC}") = "Data", "..\Destination\Data\Data.csproj", "{8F84635A-85B1-473A-A259-480353D2DCD5}"
EndProject
Project("{FAE04EC0-301F-11D3-BF4B-00C04F79EFBC}") = "Entities", "..\Destination\Entities\Entities.csproj", "{3BEE1D2A-D3E8-472C-97F6-018465037AC8}"
EndProject
Project("{FAE04EC0-301F-11D3-BF4B-00C04F79EFBC}") = "BusinessDestination", "..\Destination\Business\BusinessDestination.csproj", "{D02D6733-4CF3-4701-9FB1-E807246930C1}"
EndProject
Project("{C8D11400-126E-41CD-887F-60BD40844F9E}") = "Database", "..\Destination\Database\Database.dbproj", "{40087408-6155-4970-A4AA-EB8FB6C351F2}"
EndProject
Project("{FAE04EC0-301F-11D3-BF4B-00C04F79EFBC}") = "VfsInformationFeedService", "..\Services\VfsInformationFeedService.csproj", "{4C54B023-FFF8-45BC-BAEE-6A1EF6364268}"
EndProject
Project("{E24C65DC-7377-472B-9ABA-BC803B73C61A}") = "webroot", "..\webroot", "{10C980D4-CBDB-4637-B954-F7C22FE1B90F}"
	ProjectSection(WebsiteProperties) = preProject
		SccProjectName = ""$/MSTechnology/VfsInformationCustomerService/webroot", CLCAAAAA"
		SccAuxPath = ""
		SccLocalPath = "."
		SccProvider = "MSSCCI:Microsoft Visual SourceSafe"
		TargetFrameworkMoniker = ".NETFramework,Version%3Dv3.5"
		Debug.AspNetCompiler.VirtualPath = "/webroot"
		Debug.AspNetCompiler.PhysicalPath = "..\webroot\"
		Debug.AspNetCompiler.TargetPath = "PrecompiledWeb\webroot\"
		Debug.AspNetCompiler.Updateable = "true"
		Debug.AspNetCompiler.ForceOverwrite = "true"
		Debug.AspNetCompiler.FixedNames = "false"
		Debug.AspNetCompiler.Debug = "True"
		Release.AspNetCompiler.VirtualPath = "/webroot"
		Release.AspNetCompiler.PhysicalPath = "..\webroot\"
		Release.AspNetCompiler.TargetPath = "PrecompiledWeb\webroot\"
		Release.AspNetCompiler.Updateable = "true"
		Release.AspNetCompiler.ForceOverwrite = "true"
		Release.AspNetCompiler.FixedNames = "false"
		Release.AspNetCompiler.Debug = "False"
		VWDPort = "2222"
		VWDDynamicPort = "false"
	EndProjectSection
EndProject
Project("{FAE04EC0-301F-11D3-BF4B-00C04F79EFBC}") = "UnitTestApplication", "..\UnitTestApplication\UnitTestApplication.csproj", "{4F2010DE-C236-49A5-BB48-11339AF904C0}"
EndProject
Project("{FAE04EC0-301F-11D3-BF4B-00C04F79EFBC}") = "Entities", "..\CustomerServices\Entities\Entities.csproj", "{0FA63FB8-119A-4983-8FFF-CEEC1D07CBBB}"
EndProject
Project("{C8D11400-126E-41CD-887F-60BD40844F9E}") = "Database", "..\CustomerServices\Database\Database.dbproj", "{44155652-4C63-4582-AF66-6795C278002D}"
EndProject
Project("{FAE04EC0-301F-11D3-BF4B-00C04F79EFBC}") = "Data", "..\CustomerServices\Data\Data.csproj", "{12F87DEF-A617-4E76-9808-EB0033BF6403}"
EndProject
Project("{FAE04EC0-301F-11D3-BF4B-00C04F79EFBC}") = "Business", "..\CustomerServices\Business\Business.csproj", "{D5D986E4-55DF-4469-B6DF-5C3E9D9A8F15}"
EndProject
Project("{FAE04EC0-301F-11D3-BF4B-00C04F79EFBC}") = "SnapShot", "SnapShot\SnapShot.csproj", "{2AAA2B36-5015-40FC-BD8C-114EFB24CAB2}"
	ProjectSection(WebsiteProperties) = preProject
		Debug.AspNetCompiler.Debug = "True"
		Release.AspNetCompiler.Debug = "False"
	EndProjectSection
EndProject
Project("{FAE04EC0-301F-11D3-BF4B-00C04F79EFBC}") = "Entities", "..\CoreSecurityService\Entities\Entities.csproj", "{96A3AF2F-9B88-4AEF-AFD2-25FF4DF43AD1}"
EndProject
Project("{FAE04EC0-301F-11D3-BF4B-00C04F79EFBC}") = "Data", "..\CoreSecurityService\Data\Data.csproj", "{5CCEE518-59D8-4C14-8932-ED1FEE579992}"
EndProject
Project("{FAE04EC0-301F-11D3-BF4B-00C04F79EFBC}") = "Business", "..\CoreSecurityService\Business\Business.csproj", "{71B1AC93-9738-48C7-A803-1FD1181B0644}"
EndProject
Project("{C8D11400-126E-41CD-887F-60BD40844F9E}") = "Database", "..\CoreSecurityService\Database\Database.dbproj", "{AF683FF3-88D2-4105-954C-49EA1EF57528}"
EndProject
Project("{FAE04EC0-301F-11D3-BF4B-00C04F79EFBC}") = "VfsCustomerInformationServices", "VfsCustomerInformationServices\VfsCustomerInformationServices.csproj", "{7C2D0516-8346-4866-9CD0-40F65ED8DD7E}"
EndProject
Project("{E24C65DC-7377-472B-9ABA-BC803B73C61A}") = "SmsService", "..\SmsService", "{456E1923-6DCF-4134-A874-94DDE7191A47}"
	ProjectSection(WebsiteProperties) = preProject
		SccProjectName = ""$/MSTechnology/VfsInformationCustomerService/SmsService", IIKAAAAA"
		SccAuxPath = ""
		SccLocalPath = "."
		SccProvider = "MSSCCI:Microsoft Visual SourceSafe"
		TargetFrameworkMoniker = ".NETFramework,Version%3Dv2.0"
		Debug.AspNetCompiler.VirtualPath = "/SmsService"
		Debug.AspNetCompiler.PhysicalPath = "..\SmsService\"
		Debug.AspNetCompiler.TargetPath = "PrecompiledWeb\SmsService\"
		Debug.AspNetCompiler.Updateable = "true"
		Debug.AspNetCompiler.ForceOverwrite = "true"
		Debug.AspNetCompiler.FixedNames = "false"
		Debug.AspNetCompiler.Debug = "True"
		Release.AspNetCompiler.VirtualPath = "/SmsService"
		Release.AspNetCompiler.PhysicalPath = "..\SmsService\"
		Release.AspNetCompiler.TargetPath = "PrecompiledWeb\SmsService\"
		Release.AspNetCompiler.Updateable = "true"
		Release.AspNetCompiler.ForceOverwrite = "true"
		Release.AspNetCompiler.FixedNames = "false"
		Release.AspNetCompiler.Debug = "False"
		VWDPort = "9963"
		VWDDynamicPort = "false"
	EndProjectSection
EndProject
Project("{C8D11400-126E-41CD-887F-60BD40844F9E}") = "DestinationDatabase", "..\DestinationDatabase\DestinationDatabase.dbproj", "{FA762280-0CB9-448D-BD8B-38A93DF39184}"
EndProject
Project("{FAE04EC0-301F-11D3-BF4B-00C04F79EFBC}") = "SnapShotV2", "SnapShotV2\SnapShotV2.csproj", "{648066E0-5AB4-4140-9D85-47E8A9344659}"
EndProject
Global
	GlobalSection(SourceCodeControl) = preSolution
		SccNumberOfProjects = 25
		SccLocalPath0 = .
		SccWebProject1 = true
		SccProjectUniqueName1 = ..\\webroot
		SccProjectName1 = \u0022$/MSTechnology/VfsInformationCustomerService/webroot\u0022,\u0020CLCAAAAA
		SccLocalPath1 = E:\\Working\\VfsInformationCustomerService\\webroot
		SccProjectEnlistmentChoice1 = 2
		SccProjectUniqueName2 = ..\\Entities\\Entities.csproj
		SccProjectTopLevelParentUniqueName2 = VfsInformationCustomerService.sln
		SccProjectName2 = \u0022$/MSTechnology/VfsInformationCustomerService/Entities\u0022,\u0020YXDAAAAA
		SccLocalPath2 = ..\\Entities
		SccProjectUniqueName3 = ..\\Data\\Data.csproj
		SccProjectTopLevelParentUniqueName3 = VfsInformationCustomerService.sln
		SccProjectName3 = \u0022$/MSTechnology/VfsInformationCustomerService/Data\u0022,\u0020EWDAAAAA
		SccLocalPath3 = ..\\Data
		SccProjectUniqueName4 = ..\\Business\\Business.csproj
		SccProjectTopLevelParentUniqueName4 = VfsInformationCustomerService.sln
		SccProjectName4 = \u0022$/MSTechnology/VfsInformationCustomerService/CustomerServices/Database/SP\u0020scripts/Synchronize\u0022,\u0020IBFAAAAA
		SccLocalPath4 = ..\\Business
		SccProjectUniqueName5 = ..\\Destination\\Data\\Data.csproj
		SccProjectTopLevelParentUniqueName5 = VfsInformationCustomerService.sln
		SccProjectName5 = \u0022$/MSTechnology/VfsInformationCustomerService/Destination/Data\u0022,\u0020VRDAAAAA
		SccLocalPath5 = ..\\Destination\\Data
		SccProjectUniqueName6 = ..\\Destination\\Entities\\Entities.csproj
		SccProjectTopLevelParentUniqueName6 = VfsInformationCustomerService.sln
		SccProjectName6 = \u0022$/MSTechnology/VfsInformationCustomerService/Destination/Entities\u0022,\u0020UUDAAAAA
		SccLocalPath6 = ..\\Destination\\Entities
		SccProjectUniqueName7 = ..\\Destination\\Business\\BusinessDestination.csproj
		SccProjectTopLevelParentUniqueName7 = VfsInformationCustomerService.sln
		SccProjectName7 = \u0022$/MSTechnology/VfsInformationCustomerService/Destination/Business\u0022,\u0020PPDAAAAA
		SccLocalPath7 = ..\\Destination\\Business
		SccProjectUniqueName8 = ..\\Services\\VfsInformationFeedService.csproj
		SccProjectTopLevelParentUniqueName8 = VfsInformationCustomerService.sln
		SccProjectName8 = \u0022$/MSTechnology/VfsInformationCustomerService/Services\u0022,\u0020IAEAAAAA
		SccLocalPath8 = ..\\Services
		SccProjectUniqueName9 = ..\\UnitTestApplication\\UnitTestApplication.csproj
		SccProjectName9 = \u0022$/MSTechnology/VfsInformationCustomerService/UnitTestApplication\u0022,\u0020KVCAAAAA
		SccLocalPath9 = ..\\UnitTestApplication
		SccProjectUniqueName10 = ..\\CustomerServices\\Entities\\Entities.csproj
		SccProjectTopLevelParentUniqueName10 = VfsInformationCustomerService.sln
		SccProjectName10 = \u0022$/MSTechnology/VfsInformationCustomerService/CustomerServices/Entities\u0022,\u0020JNDAAAAA
		SccLocalPath10 = ..\\CustomerServices\\Entities
		SccProjectUniqueName11 = ..\\CustomerServices\\Data\\Data.csproj
		SccProjectTopLevelParentUniqueName11 = VfsInformationCustomerService.sln
		SccProjectName11 = \u0022$/MSTechnology/VfsInformationCustomerService/CustomerServices/Data\u0022,\u0020MIDAAAAA
		SccLocalPath11 = ..\\CustomerServices\\Data
		SccProjectUniqueName12 = ..\\CustomerServices\\Business\\Business.csproj
		SccProjectTopLevelParentUniqueName12 = VfsInformationCustomerService.sln
		SccProjectName12 = \u0022$/MSTechnology/VfsInformationCustomerService/CustomerServices/Business\u0022,\u0020LHDAAAAA
		SccLocalPath12 = ..\\CustomerServices\\Business
		SccProjectUniqueName13 = SnapShot\\SnapShot.csproj
		SccLocalPath13 = .
		SccProjectFilePathRelativizedFromConnection13 = SnapShot\\
		SccProjectUniqueName14 = ..\\CoreSecurityService\\Business\\Business.csproj
		SccProjectTopLevelParentUniqueName14 = VfsInformationCustomerService.sln
		SccProjectName14 = \u0022$/MSTechnology/VfsInformationCustomerService/CoreSecurityService\u0022,\u0020PYEAAAAA
		SccLocalPath14 = ..\\CoreSecurityService
		SccProjectFilePathRelativizedFromConnection14 = Business\\
		SccProjectUniqueName15 = ..\\CoreSecurityService\\Data\\Data.csproj
		SccProjectTopLevelParentUniqueName15 = VfsInformationCustomerService.sln
		SccProjectName15 = \u0022$/MSTechnology/VfsInformationCustomerService/CoreSecurityService\u0022,\u0020PYEAAAAA
		SccLocalPath15 = ..\\CoreSecurityService
		SccProjectFilePathRelativizedFromConnection15 = Data\\
		SccProjectUniqueName16 = ..\\CoreSecurityService\\Entities\\Entities.csproj
		SccProjectTopLevelParentUniqueName16 = VfsInformationCustomerService.sln
		SccProjectName16 = \u0022$/MSTechnology/VfsInformationCustomerService/CoreSecurityService\u0022,\u0020PYEAAAAA
		SccLocalPath16 = ..\\CoreSecurityService
		SccProjectFilePathRelativizedFromConnection16 = Entities\\
		SccProjectUniqueName17 = VfsCustomerInformationServices\\VfsCustomerInformationServices.csproj
		SccLocalPath17 = .
		SccProjectFilePathRelativizedFromConnection17 = VfsCustomerInformationServices\\
		SccWebProject18 = true
		SccProjectUniqueName18 = ..\\SmsService
		SccProjectName18 = \u0022$/MSTechnology/VfsInformationCustomerService/SmsService\u0022,\u0020IIKAAAAA
		SccLocalPath18 = E:\\Working\\VfsInformationCustomerService\\SmsService
		SccProjectEnlistmentChoice18 = 2
		SccProjectUniqueName19 = SnapShotV2\\SnapShotV2.csproj
		SccLocalPath19 = .
		SccProjectFilePathRelativizedFromConnection19 = SnapShotV2\\
		SccProjectUniqueName20 = ..\\Database\\Database.dbproj
		SccProjectTopLevelParentUniqueName20 = VfsInformationCustomerService.sln
		SccProjectName20 = \u0022$/MSTechnology/VfsInformationCustomerService/Database\u0022,\u0020EEDAAAAA
		SccLocalPath20 = ..\\Database
		SccProjectUniqueName21 = ..\\Destination\\Database\\Database.dbproj
		SccProjectTopLevelParentUniqueName21 = VfsInformationCustomerService.sln
		SccProjectName21 = \u0022$/MSTechnology/VfsInformationCustomerService/Database_1\u0022,\u0020PEEAAAAA
		SccLocalPath21 = ..\\Destination\\Database
		SccProjectUniqueName22 = ..\\CustomerServices\\Database\\Database.dbproj
		SccProjectTopLevelParentUniqueName22 = VfsInformationCustomerService.sln
		SccProjectName22 = \u0022$/MSTechnology/VfsInformationCustomerService/CustomerServices/Database\u0022,\u0020VJDAAAAA
		SccLocalPath22 = ..\\CustomerServices\\Database
		SccProjectUniqueName23 = ..\\CoreSecurityService\\Database\\Database.dbproj
		SccProjectTopLevelParentUniqueName23 = VfsInformationCustomerService.sln
		SccProjectName23 = \u0022$/MSTechnology/VfsInformationCustomerService/CoreSecurityService/Database\u0022,\u0020WYEAAAAA
		SccLocalPath23 = ..\\CoreSecurityService\\Database
		SccProjectUniqueName24 = ..\\DestinationDatabase\\DestinationDatabase.dbproj
		SccProjectName24 = \u0022$/MSTechnology/VfsInformationCustomerService/DestinationDatabase\u0022,\u0020WODAAAAA
		SccLocalPath24 = ..\\DestinationDatabase
	EndGlobalSection
	GlobalSection(SolutionConfigurationPlatforms) = preSolution
		Debug|.NET = Debug|.NET
		Debug|Any CPU = Debug|Any CPU
		Debug|Mixed Platforms = Debug|Mixed Platforms
		Release|.NET = Release|.NET
		Release|Any CPU = Release|Any CPU
		Release|Mixed Platforms = Release|Mixed Platforms
	EndGlobalSection
	GlobalSection(ProjectConfigurationPlatforms) = postSolution
		{B45ADE78-E72B-48B8-A3C7-AEC262CF6E8B}.Debug|.NET.ActiveCfg = Debug|Any CPU
		{B45ADE78-E72B-48B8-A3C7-AEC262CF6E8B}.Debug|Any CPU.ActiveCfg = Debug|Any CPU
		{B45ADE78-E72B-48B8-A3C7-AEC262CF6E8B}.Debug|Any CPU.Build.0 = Debug|Any CPU
		{B45ADE78-E72B-48B8-A3C7-AEC262CF6E8B}.Debug|Mixed Platforms.ActiveCfg = Debug|Any CPU
		{B45ADE78-E72B-48B8-A3C7-AEC262CF6E8B}.Debug|Mixed Platforms.Build.0 = Debug|Any CPU
		{B45ADE78-E72B-48B8-A3C7-AEC262CF6E8B}.Release|.NET.ActiveCfg = Release|Any CPU
		{B45ADE78-E72B-48B8-A3C7-AEC262CF6E8B}.Release|Any CPU.ActiveCfg = Release|Any CPU
		{B45ADE78-E72B-48B8-A3C7-AEC262CF6E8B}.Release|Any CPU.Build.0 = Release|Any CPU
		{B45ADE78-E72B-48B8-A3C7-AEC262CF6E8B}.Release|Mixed Platforms.ActiveCfg = Release|Any CPU
		{B45ADE78-E72B-48B8-A3C7-AEC262CF6E8B}.Release|Mixed Platforms.Build.0 = Release|Any CPU
		{6768FC4D-6E59-467F-B72A-60194E449154}.Debug|.NET.ActiveCfg = Debug|Any CPU
		{6768FC4D-6E59-467F-B72A-60194E449154}.Debug|Any CPU.ActiveCfg = Debug|Any CPU
		{6768FC4D-6E59-467F-B72A-60194E449154}.Debug|Any CPU.Build.0 = Debug|Any CPU
		{6768FC4D-6E59-467F-B72A-60194E449154}.Debug|Mixed Platforms.ActiveCfg = Debug|Any CPU
		{6768FC4D-6E59-467F-B72A-60194E449154}.Debug|Mixed Platforms.Build.0 = Debug|Any CPU
		{6768FC4D-6E59-467F-B72A-60194E449154}.Release|.NET.ActiveCfg = Release|Any CPU
		{6768FC4D-6E59-467F-B72A-60194E449154}.Release|Any CPU.ActiveCfg = Release|Any CPU
		{6768FC4D-6E59-467F-B72A-60194E449154}.Release|Any CPU.Build.0 = Release|Any CPU
		{6768FC4D-6E59-467F-B72A-60194E449154}.Release|Mixed Platforms.ActiveCfg = Release|Any CPU
		{6768FC4D-6E59-467F-B72A-60194E449154}.Release|Mixed Platforms.Build.0 = Release|Any CPU
		{782C8439-3D6A-441F-8DB3-360AF5844A48}.Debug|.NET.ActiveCfg = Debug|Any CPU
		{782C8439-3D6A-441F-8DB3-360AF5844A48}.Debug|Any CPU.ActiveCfg = Debug|Any CPU
		{782C8439-3D6A-441F-8DB3-360AF5844A48}.Debug|Any CPU.Build.0 = Debug|Any CPU
		{782C8439-3D6A-441F-8DB3-360AF5844A48}.Debug|Mixed Platforms.ActiveCfg = Debug|Any CPU
		{782C8439-3D6A-441F-8DB3-360AF5844A48}.Debug|Mixed Platforms.Build.0 = Debug|Any CPU
		{782C8439-3D6A-441F-8DB3-360AF5844A48}.Release|.NET.ActiveCfg = Release|Any CPU
		{782C8439-3D6A-441F-8DB3-360AF5844A48}.Release|Any CPU.ActiveCfg = Release|Any CPU
		{782C8439-3D6A-441F-8DB3-360AF5844A48}.Release|Any CPU.Build.0 = Release|Any CPU
		{782C8439-3D6A-441F-8DB3-360AF5844A48}.Release|Mixed Platforms.ActiveCfg = Release|Any CPU
		{782C8439-3D6A-441F-8DB3-360AF5844A48}.Release|Mixed Platforms.Build.0 = Release|Any CPU
		{67CBC824-A49E-4E9B-A947-360F3DFE65C3}.Debug|.NET.ActiveCfg = Debug|Any CPU
		{67CBC824-A49E-4E9B-A947-360F3DFE65C3}.Debug|Any CPU.ActiveCfg = Debug|Any CPU
		{67CBC824-A49E-4E9B-A947-360F3DFE65C3}.Debug|Mixed Platforms.ActiveCfg = Debug|Any CPU
		{67CBC824-A49E-4E9B-A947-360F3DFE65C3}.Release|.NET.ActiveCfg = Release|Any CPU
		{67CBC824-A49E-4E9B-A947-360F3DFE65C3}.Release|Any CPU.ActiveCfg = Release|Any CPU
		{67CBC824-A49E-4E9B-A947-360F3DFE65C3}.Release|Mixed Platforms.ActiveCfg = Release|Any CPU
		{8F84635A-85B1-473A-A259-480353D2DCD5}.Debug|.NET.ActiveCfg = Debug|Any CPU
		{8F84635A-85B1-473A-A259-480353D2DCD5}.Debug|Any CPU.ActiveCfg = Debug|Any CPU
		{8F84635A-85B1-473A-A259-480353D2DCD5}.Debug|Any CPU.Build.0 = Debug|Any CPU
		{8F84635A-85B1-473A-A259-480353D2DCD5}.Debug|Mixed Platforms.ActiveCfg = Debug|Any CPU
		{8F84635A-85B1-473A-A259-480353D2DCD5}.Debug|Mixed Platforms.Build.0 = Debug|Any CPU
		{8F84635A-85B1-473A-A259-480353D2DCD5}.Release|.NET.ActiveCfg = Release|Any CPU
		{8F84635A-85B1-473A-A259-480353D2DCD5}.Release|Any CPU.ActiveCfg = Release|Any CPU
		{8F84635A-85B1-473A-A259-480353D2DCD5}.Release|Any CPU.Build.0 = Release|Any CPU
		{8F84635A-85B1-473A-A259-480353D2DCD5}.Release|Mixed Platforms.ActiveCfg = Release|Any CPU
		{8F84635A-85B1-473A-A259-480353D2DCD5}.Release|Mixed Platforms.Build.0 = Release|Any CPU
		{3BEE1D2A-D3E8-472C-97F6-018465037AC8}.Debug|.NET.ActiveCfg = Debug|Any CPU
		{3BEE1D2A-D3E8-472C-97F6-018465037AC8}.Debug|Any CPU.ActiveCfg = Debug|Any CPU
		{3BEE1D2A-D3E8-472C-97F6-018465037AC8}.Debug|Any CPU.Build.0 = Debug|Any CPU
		{3BEE1D2A-D3E8-472C-97F6-018465037AC8}.Debug|Mixed Platforms.ActiveCfg = Debug|Any CPU
		{3BEE1D2A-D3E8-472C-97F6-018465037AC8}.Debug|Mixed Platforms.Build.0 = Debug|Any CPU
		{3BEE1D2A-D3E8-472C-97F6-018465037AC8}.Release|.NET.ActiveCfg = Release|Any CPU
		{3BEE1D2A-D3E8-472C-97F6-018465037AC8}.Release|Any CPU.ActiveCfg = Release|Any CPU
		{3BEE1D2A-D3E8-472C-97F6-018465037AC8}.Release|Any CPU.Build.0 = Release|Any CPU
		{3BEE1D2A-D3E8-472C-97F6-018465037AC8}.Release|Mixed Platforms.ActiveCfg = Release|Any CPU
		{3BEE1D2A-D3E8-472C-97F6-018465037AC8}.Release|Mixed Platforms.Build.0 = Release|Any CPU
		{D02D6733-4CF3-4701-9FB1-E807246930C1}.Debug|.NET.ActiveCfg = Debug|Any CPU
		{D02D6733-4CF3-4701-9FB1-E807246930C1}.Debug|Any CPU.ActiveCfg = Debug|Any CPU
		{D02D6733-4CF3-4701-9FB1-E807246930C1}.Debug|Any CPU.Build.0 = Debug|Any CPU
		{D02D6733-4CF3-4701-9FB1-E807246930C1}.Debug|Mixed Platforms.ActiveCfg = Debug|Any CPU
		{D02D6733-4CF3-4701-9FB1-E807246930C1}.Debug|Mixed Platforms.Build.0 = Debug|Any CPU
		{D02D6733-4CF3-4701-9FB1-E807246930C1}.Release|.NET.ActiveCfg = Release|Any CPU
		{D02D6733-4CF3-4701-9FB1-E807246930C1}.Release|Any CPU.ActiveCfg = Release|Any CPU
		{D02D6733-4CF3-4701-9FB1-E807246930C1}.Release|Any CPU.Build.0 = Release|Any CPU
		{D02D6733-4CF3-4701-9FB1-E807246930C1}.Release|Mixed Platforms.ActiveCfg = Release|Any CPU
		{D02D6733-4CF3-4701-9FB1-E807246930C1}.Release|Mixed Platforms.Build.0 = Release|Any CPU
		{40087408-6155-4970-A4AA-EB8FB6C351F2}.Debug|.NET.ActiveCfg = Debug|Any CPU
		{40087408-6155-4970-A4AA-EB8FB6C351F2}.Debug|Any CPU.ActiveCfg = Debug|Any CPU
		{40087408-6155-4970-A4AA-EB8FB6C351F2}.Debug|Mixed Platforms.ActiveCfg = Debug|Any CPU
		{40087408-6155-4970-A4AA-EB8FB6C351F2}.Release|.NET.ActiveCfg = Release|Any CPU
		{40087408-6155-4970-A4AA-EB8FB6C351F2}.Release|Any CPU.ActiveCfg = Release|Any CPU
		{40087408-6155-4970-A4AA-EB8FB6C351F2}.Release|Mixed Platforms.ActiveCfg = Release|Any CPU
		{4C54B023-FFF8-45BC-BAEE-6A1EF6364268}.Debug|.NET.ActiveCfg = Debug|Any CPU
		{4C54B023-FFF8-45BC-BAEE-6A1EF6364268}.Debug|Any CPU.ActiveCfg = Debug|Any CPU
		{4C54B023-FFF8-45BC-BAEE-6A1EF6364268}.Debug|Any CPU.Build.0 = Debug|Any CPU
		{4C54B023-FFF8-45BC-BAEE-6A1EF6364268}.Debug|Mixed Platforms.ActiveCfg = Debug|Any CPU
		{4C54B023-FFF8-45BC-BAEE-6A1EF6364268}.Debug|Mixed Platforms.Build.0 = Debug|Any CPU
		{4C54B023-FFF8-45BC-BAEE-6A1EF6364268}.Release|.NET.ActiveCfg = Release|Any CPU
		{4C54B023-FFF8-45BC-BAEE-6A1EF6364268}.Release|Any CPU.ActiveCfg = Release|Any CPU
		{4C54B023-FFF8-45BC-BAEE-6A1EF6364268}.Release|Any CPU.Build.0 = Release|Any CPU
		{4C54B023-FFF8-45BC-BAEE-6A1EF6364268}.Release|Mixed Platforms.ActiveCfg = Release|Any CPU
		{4C54B023-FFF8-45BC-BAEE-6A1EF6364268}.Release|Mixed Platforms.Build.0 = Release|Any CPU
		{10C980D4-CBDB-4637-B954-F7C22FE1B90F}.Debug|.NET.ActiveCfg = Debug|.NET
		{10C980D4-CBDB-4637-B954-F7C22FE1B90F}.Debug|.NET.Build.0 = Debug|.NET
		{10C980D4-CBDB-4637-B954-F7C22FE1B90F}.Debug|Any CPU.ActiveCfg = Debug|.NET
		{10C980D4-CBDB-4637-B954-F7C22FE1B90F}.Debug|Mixed Platforms.ActiveCfg = Debug|.NET
		{10C980D4-CBDB-4637-B954-F7C22FE1B90F}.Debug|Mixed Platforms.Build.0 = Debug|.NET
		{10C980D4-CBDB-4637-B954-F7C22FE1B90F}.Release|.NET.ActiveCfg = Debug|.NET
		{10C980D4-CBDB-4637-B954-F7C22FE1B90F}.Release|.NET.Build.0 = Debug|.NET
		{10C980D4-CBDB-4637-B954-F7C22FE1B90F}.Release|Any CPU.ActiveCfg = Debug|.NET
		{10C980D4-CBDB-4637-B954-F7C22FE1B90F}.Release|Mixed Platforms.ActiveCfg = Debug|.NET
		{10C980D4-CBDB-4637-B954-F7C22FE1B90F}.Release|Mixed Platforms.Build.0 = Debug|.NET
		{4F2010DE-C236-49A5-BB48-11339AF904C0}.Debug|.NET.ActiveCfg = Debug|Any CPU
		{4F2010DE-C236-49A5-BB48-11339AF904C0}.Debug|Any CPU.ActiveCfg = Debug|Any CPU
		{4F2010DE-C236-49A5-BB48-11339AF904C0}.Debug|Any CPU.Build.0 = Debug|Any CPU
		{4F2010DE-C236-49A5-BB48-11339AF904C0}.Debug|Mixed Platforms.ActiveCfg = Debug|Any CPU
		{4F2010DE-C236-49A5-BB48-11339AF904C0}.Debug|Mixed Platforms.Build.0 = Debug|Any CPU
		{4F2010DE-C236-49A5-BB48-11339AF904C0}.Release|.NET.ActiveCfg = Release|Any CPU
		{4F2010DE-C236-49A5-BB48-11339AF904C0}.Release|Any CPU.ActiveCfg = Release|Any CPU
		{4F2010DE-C236-49A5-BB48-11339AF904C0}.Release|Any CPU.Build.0 = Release|Any CPU
		{4F2010DE-C236-49A5-BB48-11339AF904C0}.Release|Mixed Platforms.ActiveCfg = Release|Any CPU
		{4F2010DE-C236-49A5-BB48-11339AF904C0}.Release|Mixed Platforms.Build.0 = Release|Any CPU
		{0FA63FB8-119A-4983-8FFF-CEEC1D07CBBB}.Debug|.NET.ActiveCfg = Debug|Any CPU
		{0FA63FB8-119A-4983-8FFF-CEEC1D07CBBB}.Debug|Any CPU.ActiveCfg = Debug|Any CPU
		{0FA63FB8-119A-4983-8FFF-CEEC1D07CBBB}.Debug|Any CPU.Build.0 = Debug|Any CPU
		{0FA63FB8-119A-4983-8FFF-CEEC1D07CBBB}.Debug|Mixed Platforms.ActiveCfg = Debug|Any CPU
		{0FA63FB8-119A-4983-8FFF-CEEC1D07CBBB}.Debug|Mixed Platforms.Build.0 = Debug|Any CPU
		{0FA63FB8-119A-4983-8FFF-CEEC1D07CBBB}.Release|.NET.ActiveCfg = Release|Any CPU
		{0FA63FB8-119A-4983-8FFF-CEEC1D07CBBB}.Release|Any CPU.ActiveCfg = Release|Any CPU
		{0FA63FB8-119A-4983-8FFF-CEEC1D07CBBB}.Release|Any CPU.Build.0 = Release|Any CPU
		{0FA63FB8-119A-4983-8FFF-CEEC1D07CBBB}.Release|Mixed Platforms.ActiveCfg = Release|Any CPU
		{0FA63FB8-119A-4983-8FFF-CEEC1D07CBBB}.Release|Mixed Platforms.Build.0 = Release|Any CPU
		{44155652-4C63-4582-AF66-6795C278002D}.Debug|.NET.ActiveCfg = Debug|Any CPU
		{44155652-4C63-4582-AF66-6795C278002D}.Debug|Any CPU.ActiveCfg = Debug|Any CPU
		{44155652-4C63-4582-AF66-6795C278002D}.Debug|Mixed Platforms.ActiveCfg = Debug|Any CPU
		{44155652-4C63-4582-AF66-6795C278002D}.Release|.NET.ActiveCfg = Release|Any CPU
		{44155652-4C63-4582-AF66-6795C278002D}.Release|Any CPU.ActiveCfg = Release|Any CPU
		{44155652-4C63-4582-AF66-6795C278002D}.Release|Mixed Platforms.ActiveCfg = Release|Any CPU
		{12F87DEF-A617-4E76-9808-EB0033BF6403}.Debug|.NET.ActiveCfg = Debug|Any CPU
		{12F87DEF-A617-4E76-9808-EB0033BF6403}.Debug|Any CPU.ActiveCfg = Debug|Any CPU
		{12F87DEF-A617-4E76-9808-EB0033BF6403}.Debug|Any CPU.Build.0 = Debug|Any CPU
		{12F87DEF-A617-4E76-9808-EB0033BF6403}.Debug|Mixed Platforms.ActiveCfg = Debug|Any CPU
		{12F87DEF-A617-4E76-9808-EB0033BF6403}.Debug|Mixed Platforms.Build.0 = Debug|Any CPU
		{12F87DEF-A617-4E76-9808-EB0033BF6403}.Release|.NET.ActiveCfg = Release|Any CPU
		{12F87DEF-A617-4E76-9808-EB0033BF6403}.Release|Any CPU.ActiveCfg = Release|Any CPU
		{12F87DEF-A617-4E76-9808-EB0033BF6403}.Release|Any CPU.Build.0 = Release|Any CPU
		{12F87DEF-A617-4E76-9808-EB0033BF6403}.Release|Mixed Platforms.ActiveCfg = Release|Any CPU
		{12F87DEF-A617-4E76-9808-EB0033BF6403}.Release|Mixed Platforms.Build.0 = Release|Any CPU
		{D5D986E4-55DF-4469-B6DF-5C3E9D9A8F15}.Debug|.NET.ActiveCfg = Debug|Any CPU
		{D5D986E4-55DF-4469-B6DF-5C3E9D9A8F15}.Debug|Any CPU.ActiveCfg = Debug|Any CPU
		{D5D986E4-55DF-4469-B6DF-5C3E9D9A8F15}.Debug|Any CPU.Build.0 = Debug|Any CPU
		{D5D986E4-55DF-4469-B6DF-5C3E9D9A8F15}.Debug|Mixed Platforms.ActiveCfg = Debug|Any CPU
		{D5D986E4-55DF-4469-B6DF-5C3E9D9A8F15}.Debug|Mixed Platforms.Build.0 = Debug|Any CPU
		{D5D986E4-55DF-4469-B6DF-5C3E9D9A8F15}.Release|.NET.ActiveCfg = Release|Any CPU
		{D5D986E4-55DF-4469-B6DF-5C3E9D9A8F15}.Release|Any CPU.ActiveCfg = Release|Any CPU
		{D5D986E4-55DF-4469-B6DF-5C3E9D9A8F15}.Release|Any CPU.Build.0 = Release|Any CPU
		{D5D986E4-55DF-4469-B6DF-5C3E9D9A8F15}.Release|Mixed Platforms.ActiveCfg = Release|Any CPU
		{D5D986E4-55DF-4469-B6DF-5C3E9D9A8F15}.Release|Mixed Platforms.Build.0 = Release|Any CPU
		{2AAA2B36-5015-40FC-BD8C-114EFB24CAB2}.Debug|.NET.ActiveCfg = Debug|Any CPU
		{2AAA2B36-5015-40FC-BD8C-114EFB24CAB2}.Debug|Any CPU.ActiveCfg = Debug|Any CPU
		{2AAA2B36-5015-40FC-BD8C-114EFB24CAB2}.Debug|Any CPU.Build.0 = Debug|Any CPU
		{2AAA2B36-5015-40FC-BD8C-114EFB24CAB2}.Debug|Mixed Platforms.ActiveCfg = Debug|Any CPU
		{2AAA2B36-5015-40FC-BD8C-114EFB24CAB2}.Debug|Mixed Platforms.Build.0 = Debug|Any CPU
		{2AAA2B36-5015-40FC-BD8C-114EFB24CAB2}.Release|.NET.ActiveCfg = Release|Any CPU
		{2AAA2B36-5015-40FC-BD8C-114EFB24CAB2}.Release|Any CPU.ActiveCfg = Release|Any CPU
		{2AAA2B36-5015-40FC-BD8C-114EFB24CAB2}.Release|Any CPU.Build.0 = Release|Any CPU
		{2AAA2B36-5015-40FC-BD8C-114EFB24CAB2}.Release|Mixed Platforms.ActiveCfg = Release|Any CPU
		{2AAA2B36-5015-40FC-BD8C-114EFB24CAB2}.Release|Mixed Platforms.Build.0 = Release|Any CPU
		{96A3AF2F-9B88-4AEF-AFD2-25FF4DF43AD1}.Debug|.NET.ActiveCfg = Debug|Any CPU
		{96A3AF2F-9B88-4AEF-AFD2-25FF4DF43AD1}.Debug|Any CPU.ActiveCfg = Debug|Any CPU
		{96A3AF2F-9B88-4AEF-AFD2-25FF4DF43AD1}.Debug|Any CPU.Build.0 = Debug|Any CPU
		{96A3AF2F-9B88-4AEF-AFD2-25FF4DF43AD1}.Debug|Mixed Platforms.ActiveCfg = Debug|Any CPU
		{96A3AF2F-9B88-4AEF-AFD2-25FF4DF43AD1}.Debug|Mixed Platforms.Build.0 = Debug|Any CPU
		{96A3AF2F-9B88-4AEF-AFD2-25FF4DF43AD1}.Release|.NET.ActiveCfg = Release|Any CPU
		{96A3AF2F-9B88-4AEF-AFD2-25FF4DF43AD1}.Release|Any CPU.ActiveCfg = Release|Any CPU
		{96A3AF2F-9B88-4AEF-AFD2-25FF4DF43AD1}.Release|Any CPU.Build.0 = Release|Any CPU
		{96A3AF2F-9B88-4AEF-AFD2-25FF4DF43AD1}.Release|Mixed Platforms.ActiveCfg = Release|Any CPU
		{96A3AF2F-9B88-4AEF-AFD2-25FF4DF43AD1}.Release|Mixed Platforms.Build.0 = Release|Any CPU
		{5CCEE518-59D8-4C14-8932-ED1FEE579992}.Debug|.NET.ActiveCfg = Debug|Any CPU
		{5CCEE518-59D8-4C14-8932-ED1FEE579992}.Debug|Any CPU.ActiveCfg = Debug|Any CPU
		{5CCEE518-59D8-4C14-8932-ED1FEE579992}.Debug|Any CPU.Build.0 = Debug|Any CPU
		{5CCEE518-59D8-4C14-8932-ED1FEE579992}.Debug|Mixed Platforms.ActiveCfg = Debug|Any CPU
		{5CCEE518-59D8-4C14-8932-ED1FEE579992}.Debug|Mixed Platforms.Build.0 = Debug|Any CPU
		{5CCEE518-59D8-4C14-8932-ED1FEE579992}.Release|.NET.ActiveCfg = Release|Any CPU
		{5CCEE518-59D8-4C14-8932-ED1FEE579992}.Release|Any CPU.ActiveCfg = Release|Any CPU
		{5CCEE518-59D8-4C14-8932-ED1FEE579992}.Release|Any CPU.Build.0 = Release|Any CPU
		{5CCEE518-59D8-4C14-8932-ED1FEE579992}.Release|Mixed Platforms.ActiveCfg = Release|Any CPU
		{5CCEE518-59D8-4C14-8932-ED1FEE579992}.Release|Mixed Platforms.Build.0 = Release|Any CPU
		{71B1AC93-9738-48C7-A803-1FD1181B0644}.Debug|.NET.ActiveCfg = Debug|Any CPU
		{71B1AC93-9738-48C7-A803-1FD1181B0644}.Debug|Any CPU.ActiveCfg = Debug|Any CPU
		{71B1AC93-9738-48C7-A803-1FD1181B0644}.Debug|Any CPU.Build.0 = Debug|Any CPU
		{71B1AC93-9738-48C7-A803-1FD1181B0644}.Debug|Mixed Platforms.ActiveCfg = Debug|Any CPU
		{71B1AC93-9738-48C7-A803-1FD1181B0644}.Debug|Mixed Platforms.Build.0 = Debug|Any CPU
		{71B1AC93-9738-48C7-A803-1FD1181B0644}.Release|.NET.ActiveCfg = Release|Any CPU
		{71B1AC93-9738-48C7-A803-1FD1181B0644}.Release|Any CPU.ActiveCfg = Release|Any CPU
		{71B1AC93-9738-48C7-A803-1FD1181B0644}.Release|Any CPU.Build.0 = Release|Any CPU
		{71B1AC93-9738-48C7-A803-1FD1181B0644}.Release|Mixed Platforms.ActiveCfg = Release|Any CPU
		{71B1AC93-9738-48C7-A803-1FD1181B0644}.Release|Mixed Platforms.Build.0 = Release|Any CPU
		{AF683FF3-88D2-4105-954C-49EA1EF57528}.Debug|.NET.ActiveCfg = Debug|Any CPU
		{AF683FF3-88D2-4105-954C-49EA1EF57528}.Debug|Any CPU.ActiveCfg = Debug|Any CPU
		{AF683FF3-88D2-4105-954C-49EA1EF57528}.Debug|Mixed Platforms.ActiveCfg = Debug|Any CPU
		{AF683FF3-88D2-4105-954C-49EA1EF57528}.Release|.NET.ActiveCfg = Release|Any CPU
		{AF683FF3-88D2-4105-954C-49EA1EF57528}.Release|Any CPU.ActiveCfg = Release|Any CPU
		{AF683FF3-88D2-4105-954C-49EA1EF57528}.Release|Mixed Platforms.ActiveCfg = Release|Any CPU
		{7C2D0516-8346-4866-9CD0-40F65ED8DD7E}.Debug|.NET.ActiveCfg = Debug|Any CPU
		{7C2D0516-8346-4866-9CD0-40F65ED8DD7E}.Debug|Any CPU.ActiveCfg = Debug|Any CPU
		{7C2D0516-8346-4866-9CD0-40F65ED8DD7E}.Debug|Any CPU.Build.0 = Debug|Any CPU
		{7C2D0516-8346-4866-9CD0-40F65ED8DD7E}.Debug|Mixed Platforms.ActiveCfg = Debug|Any CPU
		{7C2D0516-8346-4866-9CD0-40F65ED8DD7E}.Debug|Mixed Platforms.Build.0 = Debug|Any CPU
		{7C2D0516-8346-4866-9CD0-40F65ED8DD7E}.Release|.NET.ActiveCfg = Release|Any CPU
		{7C2D0516-8346-4866-9CD0-40F65ED8DD7E}.Release|Any CPU.ActiveCfg = Release|Any CPU
		{7C2D0516-8346-4866-9CD0-40F65ED8DD7E}.Release|Any CPU.Build.0 = Release|Any CPU
		{7C2D0516-8346-4866-9CD0-40F65ED8DD7E}.Release|Mixed Platforms.ActiveCfg = Release|Any CPU
		{7C2D0516-8346-4866-9CD0-40F65ED8DD7E}.Release|Mixed Platforms.Build.0 = Release|Any CPU
		{456E1923-6DCF-4134-A874-94DDE7191A47}.Debug|.NET.ActiveCfg = Debug|.NET
		{456E1923-6DCF-4134-A874-94DDE7191A47}.Debug|.NET.Build.0 = Debug|.NET
		{456E1923-6DCF-4134-A874-94DDE7191A47}.Debug|Any CPU.ActiveCfg = Debug|.NET
		{456E1923-6DCF-4134-A874-94DDE7191A47}.Debug|Mixed Platforms.ActiveCfg = Debug|.NET
		{456E1923-6DCF-4134-A874-94DDE7191A47}.Debug|Mixed Platforms.Build.0 = Debug|.NET
		{456E1923-6DCF-4134-A874-94DDE7191A47}.Release|.NET.ActiveCfg = Debug|.NET
		{456E1923-6DCF-4134-A874-94DDE7191A47}.Release|.NET.Build.0 = Debug|.NET
		{456E1923-6DCF-4134-A874-94DDE7191A47}.Release|Any CPU.ActiveCfg = Debug|.NET
		{456E1923-6DCF-4134-A874-94DDE7191A47}.Release|Mixed Platforms.ActiveCfg = Debug|.NET
		{456E1923-6DCF-4134-A874-94DDE7191A47}.Release|Mixed Platforms.Build.0 = Debug|.NET
		{FA762280-0CB9-448D-BD8B-38A93DF39184}.Debug|.NET.ActiveCfg = Debug|Any CPU
		{FA762280-0CB9-448D-BD8B-38A93DF39184}.Debug|Any CPU.ActiveCfg = Debug|Any CPU
		{FA762280-0CB9-448D-BD8B-38A93DF39184}.Debug|Mixed Platforms.ActiveCfg = Debug|Any CPU
		{FA762280-0CB9-448D-BD8B-38A93DF39184}.Release|.NET.ActiveCfg = Release|Any CPU
		{FA762280-0CB9-448D-BD8B-38A93DF39184}.Release|Any CPU.ActiveCfg = Release|Any CPU
		{FA762280-0CB9-448D-BD8B-38A93DF39184}.Release|Mixed Platforms.ActiveCfg = Release|Any CPU
		{648066E0-5AB4-4140-9D85-47E8A9344659}.Debug|.NET.ActiveCfg = Debug|Any CPU
		{648066E0-5AB4-4140-9D85-47E8A9344659}.Debug|Any CPU.ActiveCfg = Debug|Any CPU
		{648066E0-5AB4-4140-9D85-47E8A9344659}.Debug|Any CPU.Build.0 = Debug|Any CPU
		{648066E0-5AB4-4140-9D85-47E8A9344659}.Debug|Mixed Platforms.ActiveCfg = Debug|Any CPU
		{648066E0-5AB4-4140-9D85-47E8A9344659}.Debug|Mixed Platforms.Build.0 = Debug|Any CPU
		{648066E0-5AB4-4140-9D85-47E8A9344659}.Release|.NET.ActiveCfg = Release|Any CPU
		{648066E0-5AB4-4140-9D85-47E8A9344659}.Release|Any CPU.ActiveCfg = Release|Any CPU
		{648066E0-5AB4-4140-9D85-47E8A9344659}.Release|Any CPU.Build.0 = Release|Any CPU
		{648066E0-5AB4-4140-9D85-47E8A9344659}.Release|Mixed Platforms.ActiveCfg = Release|Any CPU
		{648066E0-5AB4-4140-9D85-47E8A9344659}.Release|Mixed Platforms.Build.0 = Release|Any CPU
	EndGlobalSection
	GlobalSection(SolutionProperties) = preSolution
		HideSolutionNode = FALSE
	EndGlobalSection
	GlobalSection(NestedProjects) = preSolution
		{7CD02858-D93D-4CAD-B526-65B503AF5E33} = {A44871ED-AB4B-4C43-BB47-B7684068B9C7}
		{B45ADE78-E72B-48B8-A3C7-AEC262CF6E8B} = {A44871ED-AB4B-4C43-BB47-B7684068B9C7}
		{6768FC4D-6E59-467F-B72A-60194E449154} = {A44871ED-AB4B-4C43-BB47-B7684068B9C7}
		{782C8439-3D6A-441F-8DB3-360AF5844A48} = {A44871ED-AB4B-4C43-BB47-B7684068B9C7}
		{8F84635A-85B1-473A-A259-480353D2DCD5} = {C0711C0D-DA1B-4A58-9365-25431BBE89E1}
		{3BEE1D2A-D3E8-472C-97F6-018465037AC8} = {C0711C0D-DA1B-4A58-9365-25431BBE89E1}
		{D02D6733-4CF3-4701-9FB1-E807246930C1} = {C0711C0D-DA1B-4A58-9365-25431BBE89E1}
		{40087408-6155-4970-A4AA-EB8FB6C351F2} = {C0711C0D-DA1B-4A58-9365-25431BBE89E1}
		{67CBC824-A49E-4E9B-A947-360F3DFE65C3} = {7CD02858-D93D-4CAD-B526-65B503AF5E33}
		{4C54B023-FFF8-45BC-BAEE-6A1EF6364268} = {B0985B34-A2E2-4990-B31E-A8ABFA03ABF8}
		{0FA63FB8-119A-4983-8FFF-CEEC1D07CBBB} = {24D9BC03-DD94-416F-B4F7-99C15EA778B6}
		{44155652-4C63-4582-AF66-6795C278002D} = {24D9BC03-DD94-416F-B4F7-99C15EA778B6}
		{12F87DEF-A617-4E76-9808-EB0033BF6403} = {24D9BC03-DD94-416F-B4F7-99C15EA778B6}
		{D5D986E4-55DF-4469-B6DF-5C3E9D9A8F15} = {24D9BC03-DD94-416F-B4F7-99C15EA778B6}
		{96A3AF2F-9B88-4AEF-AFD2-25FF4DF43AD1} = {615AD89B-A121-4E49-8D83-4622CDE6E291}
		{5CCEE518-59D8-4C14-8932-ED1FEE579992} = {615AD89B-A121-4E49-8D83-4622CDE6E291}
		{71B1AC93-9738-48C7-A803-1FD1181B0644} = {615AD89B-A121-4E49-8D83-4622CDE6E291}
		{AF683FF3-88D2-4105-954C-49EA1EF57528} = {615AD89B-A121-4E49-8D83-4622CDE6E291}
	EndGlobalSection
EndGlobal
